
Microsoft Visual Studio Solution File, Format Version 12.00
# Visual Studio Version 16
VisualStudioVersion = 16.0.30011.22
MinimumVisualStudioVersion = 10.0.40219.1
Project("{FAE04EC0-301F-11D3-BF4B-00C04F79EFBC}") = "FunWithDelegates", "FunWithDelegates\FunWithDelegates.csproj", "{68C7282C-9697-4F3B-82AB-C519124E78AF}"
EndProject
Global
	GlobalSection(SolutionConfigurationPlatforms) = preSolution
		Debug|Any CPU = Debug|Any CPU
		Release|Any CPU = Release|Any CPU
	EndGlobalSection
	GlobalSection(ProjectConfigurationPlatforms) = postSolution
		{68C7282C-9697-4F3B-82AB-C519124E78AF}.Debug|Any CPU.ActiveCfg = Debug|Any CPU
		{68C7282C-9697-4F3B-82AB-C519124E78AF}.Debug|Any CPU.Build.0 = Debug|Any CPU
		{68C7282C-9697-4F3B-82AB-C519124E78AF}.Release|Any CPU.ActiveCfg = Release|Any CPU
		{68C7282C-9697-4F3B-82AB-C519124E78AF}.Release|Any CPU.Build.0 = Release|Any CPU
	EndGlobalSection
	GlobalSection(SolutionProperties) = preSolution
		HideSolutionNode = FALSE
	EndGlobalSection
	GlobalSection(ExtensibilityGlobals) = postSolution
		SolutionGuid = {09F84352-99E1-4BDB-9A1E-D2FCA4742B5B}
	EndGlobalSection
EndGlobal
