
Microsoft Visual Studio Solution File, Format Version 12.00
# Visual Studio Version 16
VisualStudioVersion = 16.0.31205.134
MinimumVisualStudioVersion = 10.0.40219.1
Project("{FAE04EC0-301F-11D3-BF4B-00C04F79EFBC}") = "AspNetApp", "AspNetApp.csproj", "{8BA39550-4AF8-44E5-96B0-0EF906E6A280}"
EndProject
Project("{FAE04EC0-301F-11D3-BF4B-00C04F79EFBC}") = "RestClientEx", "..\RestClientEx\RestClientEx.csproj", "{A3A78BC3-539C-4333-8C6A-9FAB5D1BD0C5}"
EndProject
Global
	GlobalSection(SolutionConfigurationPlatforms) = preSolution
		Debug|Any CPU = Debug|Any CPU
		Release|Any CPU = Release|Any CPU
	EndGlobalSection
	GlobalSection(ProjectConfigurationPlatforms) = postSolution
		{8BA39550-4AF8-44E5-96B0-0EF906E6A280}.Debug|Any CPU.ActiveCfg = Debug|Any CPU
		{8BA39550-4AF8-44E5-96B0-0EF906E6A280}.Debug|Any CPU.Build.0 = Debug|Any CPU
		{8BA39550-4AF8-44E5-96B0-0EF906E6A280}.Release|Any CPU.ActiveCfg = Release|Any CPU
		{8BA39550-4AF8-44E5-96B0-0EF906E6A280}.Release|Any CPU.Build.0 = Release|Any CPU
		{A3A78BC3-539C-4333-8C6A-9FAB5D1BD0C5}.Debug|Any CPU.ActiveCfg = Debug|Any CPU
		{A3A78BC3-539C-4333-8C6A-9FAB5D1BD0C5}.Debug|Any CPU.Build.0 = Debug|Any CPU
		{A3A78BC3-539C-4333-8C6A-9FAB5D1BD0C5}.Release|Any CPU.ActiveCfg = Release|Any CPU
		{A3A78BC3-539C-4333-8C6A-9FAB5D1BD0C5}.Release|Any CPU.Build.0 = Release|Any CPU
	EndGlobalSection
	GlobalSection(SolutionProperties) = preSolution
		HideSolutionNode = FALSE
	EndGlobalSection
	GlobalSection(ExtensibilityGlobals) = postSolution
		SolutionGuid = {E3980134-A0EC-486D-8460-81A7A2B79143}
	EndGlobalSection
EndGlobal
