
Microsoft Visual Studio Solution File, Format Version 12.00
# Visual Studio Version 16
VisualStudioVersion = 16.0.30011.22
MinimumVisualStudioVersion = 10.0.40219.1
Project("{FAE04EC0-301F-11D3-BF4B-00C04F79EFBC}") = "Exercise2Solution", "Exercise2Solution\Exercise2Solution.csproj", "{513C9535-EEBD-49AB-9B8D-004F0534E87F}"
EndProject
Global
	GlobalSection(SolutionConfigurationPlatforms) = preSolution
		Debug|Any CPU = Debug|Any CPU
		Release|Any CPU = Release|Any CPU
	EndGlobalSection
	GlobalSection(ProjectConfigurationPlatforms) = postSolution
		{513C9535-EEBD-49AB-9B8D-004F0534E87F}.Debug|Any CPU.ActiveCfg = Debug|Any CPU
		{513C9535-EEBD-49AB-9B8D-004F0534E87F}.Debug|Any CPU.Build.0 = Debug|Any CPU
		{513C9535-EEBD-49AB-9B8D-004F0534E87F}.Release|Any CPU.ActiveCfg = Release|Any CPU
		{513C9535-EEBD-49AB-9B8D-004F0534E87F}.Release|Any CPU.Build.0 = Release|Any CPU
	EndGlobalSection
	GlobalSection(SolutionProperties) = preSolution
		HideSolutionNode = FALSE
	EndGlobalSection
	GlobalSection(ExtensibilityGlobals) = postSolution
		SolutionGuid = {B6BE330C-43B6-4BDC-A782-C8ED48135757}
	EndGlobalSection
EndGlobal
