
Microsoft Visual Studio Solution File, Format Version 12.00
# Visual Studio Version 16
VisualStudioVersion = 16.0.31205.134
MinimumVisualStudioVersion = 10.0.40219.1
Project("{FAE04EC0-301F-11D3-BF4B-00C04F79EFBC}") = "Exercise4Solution", "Exercise4Solution\Exercise4Solution.csproj", "{26D789EA-5E3C-4EB5-9B98-3B3925A9331B}"
EndProject
Global
	GlobalSection(SolutionConfigurationPlatforms) = preSolution
		Debug|Any CPU = Debug|Any CPU
		Release|Any CPU = Release|Any CPU
	EndGlobalSection
	GlobalSection(ProjectConfigurationPlatforms) = postSolution
		{26D789EA-5E3C-4EB5-9B98-3B3925A9331B}.Debug|Any CPU.ActiveCfg = Debug|Any CPU
		{26D789EA-5E3C-4EB5-9B98-3B3925A9331B}.Debug|Any CPU.Build.0 = Debug|Any CPU
		{26D789EA-5E3C-4EB5-9B98-3B3925A9331B}.Release|Any CPU.ActiveCfg = Release|Any CPU
		{26D789EA-5E3C-4EB5-9B98-3B3925A9331B}.Release|Any CPU.Build.0 = Release|Any CPU
	EndGlobalSection
	GlobalSection(SolutionProperties) = preSolution
		HideSolutionNode = FALSE
	EndGlobalSection
	GlobalSection(ExtensibilityGlobals) = postSolution
		SolutionGuid = {0AF50E89-676B-4997-98D9-908BD02148C0}
	EndGlobalSection
EndGlobal
